// !$*UTF8*$!
{
	archiveVersion = 1;
	classes = {
	};
	objectVersion = 50;
	objects = {

/* Begin PBXBuildFile section */
		0404B2C621D3774F003BA646 /* AppDelegate.m in Sources */ = {isa = PBXBuildFile; fileRef = 0404B2C521D3774F003BA646 /* AppDelegate.m */; };
		0404B2C921D3774F003BA646 /* ViewController.m in Sources */ = {isa = PBXBuildFile; fileRef = 0404B2C821D3774F003BA646 /* ViewController.m */; };
		0404B2CC21D3774F003BA646 /* Main.storyboard in Resources */ = {isa = PBXBuildFile; fileRef = 0404B2CA21D3774F003BA646 /* Main.storyboard */; };
		0404B2CE21D37751003BA646 /* Assets.xcassets in Resources */ = {isa = PBXBuildFile; fileRef = 0404B2CD21D37751003BA646 /* Assets.xcassets */; };
		0404B2D121D37751003BA646 /* LaunchScreen.storyboard in Resources */ = {isa = PBXBuildFile; fileRef = 0404B2CF21D37751003BA646 /* LaunchScreen.storyboard */; };
		0404B2D421D37751003BA646 /* main.m in Sources */ = {isa = PBXBuildFile; fileRef = 0404B2D321D37751003BA646 /* main.m */; };
		0404B2E321D3776E003BA646 /* UIView+Position.m in Sources */ = {isa = PBXBuildFile; fileRef = 0404B2DB21D3776D003BA646 /* UIView+Position.m */; };
		0404B2E421D3776E003BA646 /* UIBezierPath+Draw.m in Sources */ = {isa = PBXBuildFile; fileRef = 0404B2DD21D3776D003BA646 /* UIBezierPath+Draw.m */; };
		0404B2E521D3776E003BA646 /* UIBezierPath+LxThroughPointsBezier.m in Sources */ = {isa = PBXBuildFile; fileRef = 0404B2E021D3776D003BA646 /* UIBezierPath+LxThroughPointsBezier.m */; };
		0404B2E621D3776E003BA646 /* UIColor+HexString.m in Sources */ = {isa = PBXBuildFile; fileRef = 0404B2E121D3776D003BA646 /* UIColor+HexString.m */; };
		0404B2EC21D37A14003BA646 /* HFWeatherModel.m in Sources */ = {isa = PBXBuildFile; fileRef = 0404B2E821D37A14003BA646 /* HFWeatherModel.m */; };
		0404B2ED21D37A14003BA646 /* HFLineModel.m in Sources */ = {isa = PBXBuildFile; fileRef = 0404B2E921D37A14003BA646 /* HFLineModel.m */; };
		0404B2F421D37A3B003BA646 /* HFTempView.m in Sources */ = {isa = PBXBuildFile; fileRef = 0404B2F221D37A3B003BA646 /* HFTempView.m */; };
		4301100A21D3E0DB00472AE5 /* HFSlipView.m in Sources */ = {isa = PBXBuildFile; fileRef = 4301100921D3E0DB00472AE5 /* HFSlipView.m */; };
		AA0E30F0A8DEC643AC5AE1F5 /* libPods-HourWeatherDemo.a in Frameworks */ = {isa = PBXBuildFile; fileRef = 2076C158130960B0CA52B819 /* libPods-HourWeatherDemo.a */; };
/* End PBXBuildFile section */

/* Begin PBXFileReference section */
		0404B2C121D3774F003BA646 /* HourWeatherDemo.app */ = {isa = PBXFileReference; explicitFileType = wrapper.application; includeInIndex = 0; path = HourWeatherDemo.app; sourceTree = BUILT_PRODUCTS_DIR; };
		0404B2C421D3774F003BA646 /* AppDelegate.h */ = {isa = PBXFileReference; lastKnownFileType = sourcecode.c.h; path = AppDelegate.h; sourceTree = "<group>"; };
		0404B2C521D3774F003BA646 /* AppDelegate.m */ = {isa = PBXFileReference; lastKnownFileType = sourcecode.c.objc; path = AppDelegate.m; sourceTree = "<group>"; };
		0404B2C721D3774F003BA646 /* ViewController.h */ = {isa = PBXFileReference; lastKnownFileType = sourcecode.c.h; path = ViewController.h; sourceTree = "<group>"; };
		0404B2C821D3774F003BA646 /* ViewController.m */ = {isa = PBXFileReference; lastKnownFileType = sourcecode.c.objc; path = ViewController.m; sourceTree = "<group>"; };
		0404B2CB21D3774F003BA646 /* Base */ = {isa = PBXFileReference; lastKnownFileType = file.storyboard; name = Base; path = Base.lproj/Main.storyboard; sourceTree = "<group>"; };
		0404B2CD21D37751003BA646 /* Assets.xcassets */ = {isa = PBXFileReference; lastKnownFileType = folder.assetcatalog; path = Assets.xcassets; sourceTree = "<group>"; };
		0404B2D021D37751003BA646 /* Base */ = {isa = PBXFileReference; lastKnownFileType = file.storyboard; name = Base; path = Base.lproj/LaunchScreen.storyboard; sourceTree = "<group>"; };
		0404B2D221D37751003BA646 /* Info.plist */ = {isa = PBXFileReference; lastKnownFileType = text.plist.xml; path = Info.plist; sourceTree = "<group>"; };
		0404B2D321D37751003BA646 /* main.m */ = {isa = PBXFileReference; lastKnownFileType = sourcecode.c.objc; path = main.m; sourceTree = "<group>"; };
		0404B2DB21D3776D003BA646 /* UIView+Position.m */ = {isa = PBXFileReference; fileEncoding = 4; lastKnownFileType = sourcecode.c.objc; path = "UIView+Position.m"; sourceTree = "<group>"; };
		0404B2DC21D3776D003BA646 /* UIBezierPath+LxThroughPointsBezier.h */ = {isa = PBXFileReference; fileEncoding = 4; lastKnownFileType = sourcecode.c.h; path = "UIBezierPath+LxThroughPointsBezier.h"; sourceTree = "<group>"; };
		0404B2DD21D3776D003BA646 /* UIBezierPath+Draw.m */ = {isa = PBXFileReference; fileEncoding = 4; lastKnownFileType = sourcecode.c.objc; path = "UIBezierPath+Draw.m"; sourceTree = "<group>"; };
		0404B2DE21D3776D003BA646 /* UIColor+HexString.h */ = {isa = PBXFileReference; fileEncoding = 4; lastKnownFileType = sourcecode.c.h; path = "UIColor+HexString.h"; sourceTree = "<group>"; };
		0404B2DF21D3776D003BA646 /* UIView+Position.h */ = {isa = PBXFileReference; fileEncoding = 4; lastKnownFileType = sourcecode.c.h; path = "UIView+Position.h"; sourceTree = "<group>"; };
		0404B2E021D3776D003BA646 /* UIBezierPath+LxThroughPointsBezier.m */ = {isa = PBXFileReference; fileEncoding = 4; lastKnownFileType = sourcecode.c.objc; path = "UIBezierPath+LxThroughPointsBezier.m"; sourceTree = "<group>"; };
		0404B2E121D3776D003BA646 /* UIColor+HexString.m */ = {isa = PBXFileReference; fileEncoding = 4; lastKnownFileType = sourcecode.c.objc; path = "UIColor+HexString.m"; sourceTree = "<group>"; };
		0404B2E221D3776D003BA646 /* UIBezierPath+Draw.h */ = {isa = PBXFileReference; fileEncoding = 4; lastKnownFileType = sourcecode.c.h; path = "UIBezierPath+Draw.h"; sourceTree = "<group>"; };
		0404B2E821D37A14003BA646 /* HFWeatherModel.m */ = {isa = PBXFileReference; fileEncoding = 4; lastKnownFileType = sourcecode.c.objc; path = HFWeatherModel.m; sourceTree = "<group>"; };
		0404B2E921D37A14003BA646 /* HFLineModel.m */ = {isa = PBXFileReference; fileEncoding = 4; lastKnownFileType = sourcecode.c.objc; path = HFLineModel.m; sourceTree = "<group>"; };
		0404B2EA21D37A14003BA646 /* HFWeatherModel.h */ = {isa = PBXFileReference; fileEncoding = 4; lastKnownFileType = sourcecode.c.h; path = HFWeatherModel.h; sourceTree = "<group>"; };
		0404B2EB21D37A14003BA646 /* HFLineModel.h */ = {isa = PBXFileReference; fileEncoding = 4; lastKnownFileType = sourcecode.c.h; path = HFLineModel.h; sourceTree = "<group>"; };
		0404B2EF21D37A3B003BA646 /* HFTempView.h */ = {isa = PBXFileReference; fileEncoding = 4; lastKnownFileType = sourcecode.c.h; path = HFTempView.h; sourceTree = "<group>"; };
		0404B2F221D37A3B003BA646 /* HFTempView.m */ = {isa = PBXFileReference; fileEncoding = 4; lastKnownFileType = sourcecode.c.objc; path = HFTempView.m; sourceTree = "<group>"; };
		0404B2F521D37AC9003BA646 /* PrefixHeader.pch */ = {isa = PBXFileReference; lastKnownFileType = sourcecode.c.h; path = PrefixHeader.pch; sourceTree = "<group>"; };
		2076C158130960B0CA52B819 /* libPods-HourWeatherDemo.a */ = {isa = PBXFileReference; explicitFileType = archive.ar; includeInIndex = 0; path = "libPods-HourWeatherDemo.a"; sourceTree = BUILT_PRODUCTS_DIR; };
		4301100821D3E0DB00472AE5 /* HFSlipView.h */ = {isa = PBXFileReference; fileEncoding = 4; lastKnownFileType = sourcecode.c.h; path = HFSlipView.h; sourceTree = "<group>"; };
		4301100921D3E0DB00472AE5 /* HFSlipView.m */ = {isa = PBXFileReference; fileEncoding = 4; lastKnownFileType = sourcecode.c.objc; path = HFSlipView.m; sourceTree = "<group>"; };
		A6B733816058C21F3182DD94 /* Pods-HourWeatherDemo.release.xcconfig */ = {isa = PBXFileReference; includeInIndex = 1; lastKnownFileType = text.xcconfig; name = "Pods-HourWeatherDemo.release.xcconfig"; path = "Pods/Target Support Files/Pods-HourWeatherDemo/Pods-HourWeatherDemo.release.xcconfig"; sourceTree = "<group>"; };
		E5FB841E8BFB5FFD70E0A22E /* Pods-HourWeatherDemo.debug.xcconfig */ = {isa = PBXFileReference; includeInIndex = 1; lastKnownFileType = text.xcconfig; name = "Pods-HourWeatherDemo.debug.xcconfig"; path = "Pods/Target Support Files/Pods-HourWeatherDemo/Pods-HourWeatherDemo.debug.xcconfig"; sourceTree = "<group>"; };
/* End PBXFileReference section */

/* Begin PBXFrameworksBuildPhase section */
		0404B2BE21D3774F003BA646 /* Frameworks */ = {
			isa = PBXFrameworksBuildPhase;
			buildActionMask = 2147483647;
			files = (
				AA0E30F0A8DEC643AC5AE1F5 /* libPods-HourWeatherDemo.a in Frameworks */,
			);
			runOnlyForDeploymentPostprocessing = 0;
		};
/* End PBXFrameworksBuildPhase section */

/* Begin PBXGroup section */
		0404B2B821D3774F003BA646 = {
			isa = PBXGroup;
			children = (
				0404B2C321D3774F003BA646 /* HourWeatherDemo */,
				0404B2C221D3774F003BA646 /* Products */,
				5F5C7BC3417CC46D4C992B68 /* Pods */,
				7DFC8975DF87BB12F0F3BDD5 /* Frameworks */,
			);
			sourceTree = "<group>";
		};
		0404B2C221D3774F003BA646 /* Products */ = {
			isa = PBXGroup;
			children = (
				0404B2C121D3774F003BA646 /* HourWeatherDemo.app */,
			);
			name = Products;
			sourceTree = "<group>";
		};
		0404B2C321D3774F003BA646 /* HourWeatherDemo */ = {
			isa = PBXGroup;
			children = (
				0404B2E721D37A14003BA646 /* Model */,
				0404B2DA21D3776D003BA646 /* Category */,
				0404B2EE21D37A3B003BA646 /* View */,
				0404B2C421D3774F003BA646 /* AppDelegate.h */,
				0404B2C521D3774F003BA646 /* AppDelegate.m */,
				0404B2C721D3774F003BA646 /* ViewController.h */,
				0404B2C821D3774F003BA646 /* ViewController.m */,
				0404B2CA21D3774F003BA646 /* Main.storyboard */,
				0404B2CD21D37751003BA646 /* Assets.xcassets */,
				0404B2CF21D37751003BA646 /* LaunchScreen.storyboard */,
				0404B2D221D37751003BA646 /* Info.plist */,
				0404B2D321D37751003BA646 /* main.m */,
				0404B2F521D37AC9003BA646 /* PrefixHeader.pch */,
			);
			path = HourWeatherDemo;
			sourceTree = "<group>";
		};
		0404B2DA21D3776D003BA646 /* Category */ = {
			isa = PBXGroup;
			children = (
				0404B2DF21D3776D003BA646 /* UIView+Position.h */,
				0404B2DB21D3776D003BA646 /* UIView+Position.m */,
				0404B2DC21D3776D003BA646 /* UIBezierPath+LxThroughPointsBezier.h */,
				0404B2E021D3776D003BA646 /* UIBezierPath+LxThroughPointsBezier.m */,
				0404B2DE21D3776D003BA646 /* UIColor+HexString.h */,
				0404B2E121D3776D003BA646 /* UIColor+HexString.m */,
				0404B2E221D3776D003BA646 /* UIBezierPath+Draw.h */,
				0404B2DD21D3776D003BA646 /* UIBezierPath+Draw.m */,
			);
			path = Category;
			sourceTree = "<group>";
		};
		0404B2E721D37A14003BA646 /* Model */ = {
			isa = PBXGroup;
			children = (
				0404B2EA21D37A14003BA646 /* HFWeatherModel.h */,
				0404B2E821D37A14003BA646 /* HFWeatherModel.m */,
				0404B2EB21D37A14003BA646 /* HFLineModel.h */,
				0404B2E921D37A14003BA646 /* HFLineModel.m */,
			);
			path = Model;
			sourceTree = "<group>";
		};
		0404B2EE21D37A3B003BA646 /* View */ = {
			isa = PBXGroup;
			children = (
				4301100821D3E0DB00472AE5 /* HFSlipView.h */,
				4301100921D3E0DB00472AE5 /* HFSlipView.m */,
				0404B2EF21D37A3B003BA646 /* HFTempView.h */,
				0404B2F221D37A3B003BA646 /* HFTempView.m */,
			);
			path = View;
			sourceTree = "<group>";
		};
		5F5C7BC3417CC46D4C992B68 /* Pods */ = {
			isa = PBXGroup;
			children = (
				E5FB841E8BFB5FFD70E0A22E /* Pods-HourWeatherDemo.debug.xcconfig */,
				A6B733816058C21F3182DD94 /* Pods-HourWeatherDemo.release.xcconfig */,
			);
			name = Pods;
			sourceTree = "<group>";
		};
		7DFC8975DF87BB12F0F3BDD5 /* Frameworks */ = {
			isa = PBXGroup;
			children = (
				2076C158130960B0CA52B819 /* libPods-HourWeatherDemo.a */,
			);
			name = Frameworks;
			sourceTree = "<group>";
		};
/* End PBXGroup section */

/* Begin PBXNativeTarget section */
		0404B2C021D3774F003BA646 /* HourWeatherDemo */ = {
			isa = PBXNativeTarget;
			buildConfigurationList = 0404B2D721D37751003BA646 /* Build configuration list for PBXNativeTarget "HourWeatherDemo" */;
			buildPhases = (
				6B35A87547573B01B53C7639 /* [CP] Check Pods Manifest.lock */,
				0404B2BD21D3774F003BA646 /* Sources */,
				0404B2BE21D3774F003BA646 /* Frameworks */,
				0404B2BF21D3774F003BA646 /* Resources */,
			);
			buildRules = (
			);
			dependencies = (
			);
			name = HourWeatherDemo;
			productName = HourWeatherDemo;
			productReference = 0404B2C121D3774F003BA646 /* HourWeatherDemo.app */;
			productType = "com.apple.product-type.application";
		};
/* End PBXNativeTarget section */

/* Begin PBXProject section */
		0404B2B921D3774F003BA646 /* Project object */ = {
			isa = PBXProject;
			attributes = {
				LastUpgradeCheck = 1010;
				ORGANIZATIONNAME = Ailsa;
				TargetAttributes = {
					0404B2C021D3774F003BA646 = {
						CreatedOnToolsVersion = 10.1;
					};
				};
			};
			buildConfigurationList = 0404B2BC21D3774F003BA646 /* Build configuration list for PBXProject "HourWeatherDemo" */;
			compatibilityVersion = "Xcode 9.3";
			developmentRegion = en;
			hasScannedForEncodings = 0;
			knownRegions = (
				en,
				Base,
			);
			mainGroup = 0404B2B821D3774F003BA646;
			productRefGroup = 0404B2C221D3774F003BA646 /* Products */;
			projectDirPath = "";
			projectRoot = "";
			targets = (
				0404B2C021D3774F003BA646 /* HourWeatherDemo */,
			);
		};
/* End PBXProject section */

/* Begin PBXResourcesBuildPhase section */
		0404B2BF21D3774F003BA646 /* Resources */ = {
			isa = PBXResourcesBuildPhase;
			buildActionMask = 2147483647;
			files = (
				0404B2D121D37751003BA646 /* LaunchScreen.storyboard in Resources */,
				0404B2CE21D37751003BA646 /* Assets.xcassets in Resources */,
				0404B2CC21D3774F003BA646 /* Main.storyboard in Resources */,
			);
			runOnlyForDeploymentPostprocessing = 0;
		};
/* End PBXResourcesBuildPhase section */

/* Begin PBXShellScriptBuildPhase section */
		6B35A87547573B01B53C7639 /* [CP] Check Pods Manifest.lock */ = {
			isa = PBXShellScriptBuildPhase;
			buildActionMask = 2147483647;
			files = (
			);
			inputFileListPaths = (
			);
			inputPaths = (
				"${PODS_PODFILE_DIR_PATH}/Podfile.lock",
				"${PODS_ROOT}/Manifest.lock",
			);
			name = "[CP] Check Pods Manifest.lock";
			outputFileListPaths = (
			);
			outputPaths = (
				"$(DERIVED_FILE_DIR)/Pods-HourWeatherDemo-checkManifestLockResult.txt",
			);
			runOnlyForDeploymentPostprocessing = 0;
			shellPath = /bin/sh;
			shellScript = "diff \"${PODS_PODFILE_DIR_PATH}/Podfile.lock\" \"${PODS_ROOT}/Manifest.lock\" > /dev/null\nif [ $? != 0 ] ; then\n    # print error to STDERR\n    echo \"error: The sandbox is not in sync with the Podfile.lock. Run 'pod install' or update your CocoaPods installation.\" >&2\n    exit 1\nfi\n# This output is used by Xcode 'outputs' to avoid re-running this script phase.\necho \"SUCCESS\" > \"${SCRIPT_OUTPUT_FILE_0}\"\n";
			showEnvVarsInLog = 0;
		};
/* End PBXShellScriptBuildPhase section */

/* Begin PBXSourcesBuildPhase section */
		0404B2BD21D3774F003BA646 /* Sources */ = {
			isa = PBXSourcesBuildPhase;
			buildActionMask = 2147483647;
			files = (
				4301100A21D3E0DB00472AE5 /* HFSlipView.m in Sources */,
				0404B2E421D3776E003BA646 /* UIBezierPath+Draw.m in Sources */,
				0404B2C921D3774F003BA646 /* ViewController.m in Sources */,
				0404B2EC21D37A14003BA646 /* HFWeatherModel.m in Sources */,
				0404B2E321D3776E003BA646 /* UIView+Position.m in Sources */,
				0404B2E521D3776E003BA646 /* UIBezierPath+LxThroughPointsBezier.m in Sources */,
				0404B2ED21D37A14003BA646 /* HFLineModel.m in Sources */,
				0404B2E621D3776E003BA646 /* UIColor+HexString.m in Sources */,
				0404B2D421D37751003BA646 /* main.m in Sources */,
				0404B2F421D37A3B003BA646 /* HFTempView.m in Sources */,
				0404B2C621D3774F003BA646 /* AppDelegate.m in Sources */,
			);
			runOnlyForDeploymentPostprocessing = 0;
		};
/* End PBXSourcesBuildPhase section */

/* Begin PBXVariantGroup section */
		0404B2CA21D3774F003BA646 /* Main.storyboard */ = {
			isa = PBXVariantGroup;
			children = (
				0404B2CB21D3774F003BA646 /* Base */,
			);
			name = Main.storyboard;
			sourceTree = "<group>";
		};
		0404B2CF21D37751003BA646 /* LaunchScreen.storyboard */ = {
			isa = PBXVariantGroup;
			children = (
				0404B2D021D37751003BA646 /* Base */,
			);
			name = LaunchScreen.storyboard;
			sourceTree = "<group>";
		};
/* End PBXVariantGroup section */

/* Begin XCBuildConfiguration section */
		0404B2D521D37751003BA646 /* Debug */ = {
			isa = XCBuildConfiguration;
			buildSettings = {
				ALWAYS_SEARCH_USER_PATHS = NO;
				CLANG_ANALYZER_NONNULL = YES;
				CLANG_ANALYZER_NUMBER_OBJECT_CONVERSION = YES_AGGRESSIVE;
				CLANG_CXX_LANGUAGE_STANDARD = "gnu++14";
				CLANG_CXX_LIBRARY = "libc++";
				CLANG_ENABLE_MODULES = YES;
				CLANG_ENABLE_OBJC_ARC = YES;
				CLANG_ENABLE_OBJC_WEAK = YES;
				CLANG_WARN_BLOCK_CAPTURE_AUTORELEASING = YES;
				CLANG_WARN_BOOL_CONVERSION = YES;
				CLANG_WARN_COMMA = YES;
				CLANG_WARN_CONSTANT_CONVERSION = YES;
				CLANG_WARN_DEPRECATED_OBJC_IMPLEMENTATIONS = YES;
				CLANG_WARN_DIRECT_OBJC_ISA_USAGE = YES_ERROR;
				CLANG_WARN_DOCUMENTATION_COMMENTS = YES;
				CLANG_WARN_EMPTY_BODY = YES;
				CLANG_WARN_ENUM_CONVERSION = YES;
				CLANG_WARN_INFINITE_RECURSION = YES;
				CLANG_WARN_INT_CONVERSION = YES;
				CLANG_WARN_NON_LITERAL_NULL_CONVERSION = YES;
				CLANG_WARN_OBJC_IMPLICIT_RETAIN_SELF = YES;
				CLANG_WARN_OBJC_LITERAL_CONVERSION = YES;
				CLANG_WARN_OBJC_ROOT_CLASS = YES_ERROR;
				CLANG_WARN_RANGE_LOOP_ANALYSIS = YES;
				CLANG_WARN_STRICT_PROTOTYPES = YES;
				CLANG_WARN_SUSPICIOUS_MOVE = YES;
				CLANG_WARN_UNGUARDED_AVAILABILITY = YES_AGGRESSIVE;
				CLANG_WARN_UNREACHABLE_CODE = YES;
				CLANG_WARN__DUPLICATE_METHOD_MATCH = YES;
				CODE_SIGN_IDENTITY = "iPhone Developer";
				COPY_PHASE_STRIP = NO;
				DEBUG_INFORMATION_FORMAT = dwarf;
				ENABLE_STRICT_OBJC_MSGSEND = YES;
				ENABLE_TESTABILITY = YES;
				GCC_C_LANGUAGE_STANDARD = gnu11;
				GCC_DYNAMIC_NO_PIC = NO;
				GCC_NO_COMMON_BLOCKS = YES;
				GCC_OPTIMIZATION_LEVEL = 0;
				GCC_PREPROCESSOR_DEFINITIONS = (
					"DEBUG=1",
					"$(inherited)",
				);
				GCC_WARN_64_TO_32_BIT_CONVERSION = YES;
				GCC_WARN_ABOUT_RETURN_TYPE = YES_ERROR;
				GCC_WARN_UNDECLARED_SELECTOR = YES;
				GCC_WARN_UNINITIALIZED_AUTOS = YES_AGGRESSIVE;
				GCC_WARN_UNUSED_FUNCTION = YES;
				GCC_WARN_UNUSED_VARIABLE = YES;
				IPHONEOS_DEPLOYMENT_TARGET = 12.1;
				MTL_ENABLE_DEBUG_INFO = INCLUDE_SOURCE;
				MTL_FAST_MATH = YES;
				ONLY_ACTIVE_ARCH = YES;
				SDKROOT = iphoneos;
			};
			name = Debug;
		};
		0404B2D621D37751003BA646 /* Release */ = {
			isa = XCBuildConfiguration;
			buildSettings = {
				ALWAYS_SEARCH_USER_PATHS = NO;
				CLANG_ANALYZER_NONNULL = YES;
				CLANG_ANALYZER_NUMBER_OBJECT_CONVERSION = YES_AGGRESSIVE;
				CLANG_CXX_LANGUAGE_STANDARD = "gnu++14";
				CLANG_CXX_LIBRARY = "libc++";
				CLANG_ENABLE_MODULES = YES;
				CLANG_ENABLE_OBJC_ARC = YES;
				CLANG_ENABLE_OBJC_WEAK = YES;
				CLANG_WARN_BLOCK_CAPTURE_AUTORELEASING = YES;
				CLANG_WARN_BOOL_CONVERSION = YES;
				CLANG_WARN_COMMA = YES;
				CLANG_WARN_CONSTANT_CONVERSION = YES;
				CLANG_WARN_DEPRECATED_OBJC_IMPLEMENTATIONS = YES;
				CLANG_WARN_DIRECT_OBJC_ISA_USAGE = YES_ERROR;
				CLANG_WARN_DOCUMENTATION_COMMENTS = YES;
				CLANG_WARN_EMPTY_BODY = YES;
				CLANG_WARN_ENUM_CONVERSION = YES;
				CLANG_WARN_INFINITE_RECURSION = YES;
				CLANG_WARN_INT_CONVERSION = YES;
				CLANG_WARN_NON_LITERAL_NULL_CONVERSION = YES;
				CLANG_WARN_OBJC_IMPLICIT_RETAIN_SELF = YES;
				CLANG_WARN_OBJC_LITERAL_CONVERSION = YES;
				CLANG_WARN_OBJC_ROOT_CLASS = YES_ERROR;
				CLANG_WARN_RANGE_LOOP_ANALYSIS = YES;
				CLANG_WARN_STRICT_PROTOTYPES = YES;
				CLANG_WARN_SUSPICIOUS_MOVE = YES;
				CLANG_WARN_UNGUARDED_AVAILABILITY = YES_AGGRESSIVE;
				CLANG_WARN_UNREACHABLE_CODE = YES;
				CLANG_WARN__DUPLICATE_METHOD_MATCH = YES;
				CODE_SIGN_IDENTITY = "iPhone Developer";
				COPY_PHASE_STRIP = NO;
				DEBUG_INFORMATION_FORMAT = "dwarf-with-dsym";
				ENABLE_NS_ASSERTIONS = NO;
				ENABLE_STRICT_OBJC_MSGSEND = YES;
				GCC_C_LANGUAGE_STANDARD = gnu11;
				GCC_NO_COMMON_BLOCKS = YES;
				GCC_WARN_64_TO_32_BIT_CONVERSION = YES;
				GCC_WARN_ABOUT_RETURN_TYPE = YES_ERROR;
				GCC_WARN_UNDECLARED_SELECTOR = YES;
				GCC_WARN_UNINITIALIZED_AUTOS = YES_AGGRESSIVE;
				GCC_WARN_UNUSED_FUNCTION = YES;
				GCC_WARN_UNUSED_VARIABLE = YES;
				IPHONEOS_DEPLOYMENT_TARGET = 12.1;
				MTL_ENABLE_DEBUG_INFO = NO;
				MTL_FAST_MATH = YES;
				SDKROOT = iphoneos;
				VALIDATE_PRODUCT = YES;
			};
			name = Release;
		};
		0404B2D821D37751003BA646 /* Debug */ = {
			isa = XCBuildConfiguration;
			baseConfigurationReference = E5FB841E8BFB5FFD70E0A22E /* Pods-HourWeatherDemo.debug.xcconfig */;
			buildSettings = {
				ASSETCATALOG_COMPILER_APPICON_NAME = AppIcon;
				CODE_SIGN_STYLE = Automatic;
				DEVELOPMENT_TEAM = 96ZSRJUL7X;
				GCC_PRECOMPILE_PREFIX_HEADER = YES;
				GCC_PREFIX_HEADER = "$(SRCROOT)/HourWeatherDemo/PrefixHeader.pch";
				INFOPLIST_FILE = HourWeatherDemo/Info.plist;
				IPHONEOS_DEPLOYMENT_TARGET = 11.0;
				LD_RUNPATH_SEARCH_PATHS = (
					"$(inherited)",
					"@executable_path/Frameworks",
				);
				PRODUCT_BUNDLE_IDENTIFIER = com.adesk.map.HourWeatherDemo;
				PRODUCT_NAME = "$(TARGET_NAME)";
				TARGETED_DEVICE_FAMILY = "1,2";
			};
			name = Debug;
		};
		0404B2D921D37751003BA646 /* Release */ = {
			isa = XCBuildConfiguration;
			baseConfigurationReference = A6B733816058C21F3182DD94 /* Pods-HourWeatherDemo.release.xcconfig */;
			buildSettings = {
				ASSETCATALOG_COMPILER_APPICON_NAME = AppIcon;
				CODE_SIGN_STYLE = Automatic;
				DEVELOPMENT_TEAM = 96ZSRJUL7X;
				GCC_PRECOMPILE_PREFIX_HEADER = YES;
				GCC_PREFIX_HEADER = "$(SRCROOT)/HourWeatherDemo/PrefixHeader.pch";
				INFOPLIST_FILE = HourWeatherDemo/Info.plist;
				IPHONEOS_DEPLOYMENT_TARGET = 11.0;
				LD_RUNPATH_SEARCH_PATHS = (
					"$(inherited)",
					"@executable_path/Frameworks",
				);
				PRODUCT_BUNDLE_IDENTIFIER = com.adesk.map.HourWeatherDemo;
				PRODUCT_NAME = "$(TARGET_NAME)";
				TARGETED_DEVICE_FAMILY = "1,2";
			};
			name = Release;
		};
/* End XCBuildConfiguration section */

/* Begin XCConfigurationList section */
		0404B2BC21D3774F003BA646 /* Build configuration list for PBXProject "HourWeatherDemo" */ = {
			isa = XCConfigurationList;
			buildConfigurations = (
				0404B2D521D37751003BA646 /* Debug */,
				0404B2D621D37751003BA646 /* Release */,
			);
			defaultConfigurationIsVisible = 0;
			defaultConfigurationName = Release;
		};
		0404B2D721D37751003BA646 /* Build configuration list for PBXNativeTarget "HourWeatherDemo" */ = {
			isa = XCConfigurationList;
			buildConfigurations = (
				0404B2D821D37751003BA646 /* Debug */,
				0404B2D921D37751003BA646 /* Release */,
			);
			defaultConfigurationIsVisible = 0;
			defaultConfigurationName = Release;
		};
/* End XCConfigurationList section */
	};
	rootObject = 0404B2B921D3774F003BA646 /* Project object */;
}
